
Microsoft Visual Studio Solution File, Format Version 12.00
# Visual Studio Version 16
VisualStudioVersion = 16.0.31424.327
MinimumVisualStudioVersion = 10.0.40219.1
Project("{FAE04EC0-301F-11D3-BF4B-00C04F79EFBC}") = "ExemplosFundamentos", "ExemplosFundamentos.csproj", "{C6F86E59-022F-4AEA-889B-9DE502F1D0DB}"
EndProject
Global
	GlobalSection(SolutionConfigurationPlatforms) = preSolution
		Debug|Any CPU = Debug|Any CPU
		Release|Any CPU = Release|Any CPU
	EndGlobalSection
	GlobalSection(ProjectConfigurationPlatforms) = postSolution
		{C6F86E59-022F-4AEA-889B-9DE502F1D0DB}.Debug|Any CPU.ActiveCfg = Debug|Any CPU
		{C6F86E59-022F-4AEA-889B-9DE502F1D0DB}.Debug|Any CPU.Build.0 = Debug|Any CPU
		{C6F86E59-022F-4AEA-889B-9DE502F1D0DB}.Release|Any CPU.ActiveCfg = Release|Any CPU
		{C6F86E59-022F-4AEA-889B-9DE502F1D0DB}.Release|Any CPU.Build.0 = Release|Any CPU
	EndGlobalSection
	GlobalSection(SolutionProperties) = preSolution
		HideSolutionNode = FALSE
	EndGlobalSection
	GlobalSection(ExtensibilityGlobals) = postSolution
		SolutionGuid = {79B8A6C3-EE36-4C05-9E60-571382201B07}
	EndGlobalSection
EndGlobal
