
Microsoft Visual Studio Solution File, Format Version 12.00
# Visual Studio Version 16
VisualStudioVersion = 16.0.31105.61
MinimumVisualStudioVersion = 10.0.40219.1
Project("{FAE04EC0-301F-11D3-BF4B-00C04F79EFBC}") = "WindowsEx000", "WindowsEx000.csproj", "{CEB1912F-7D83-400F-95F5-58EF1BE1CA92}"
EndProject
Global
	GlobalSection(SolutionConfigurationPlatforms) = preSolution
		Debug|Any CPU = Debug|Any CPU
		Release|Any CPU = Release|Any CPU
	EndGlobalSection
	GlobalSection(ProjectConfigurationPlatforms) = postSolution
		{CEB1912F-7D83-400F-95F5-58EF1BE1CA92}.Debug|Any CPU.ActiveCfg = Debug|Any CPU
		{CEB1912F-7D83-400F-95F5-58EF1BE1CA92}.Debug|Any CPU.Build.0 = Debug|Any CPU
		{CEB1912F-7D83-400F-95F5-58EF1BE1CA92}.Release|Any CPU.ActiveCfg = Release|Any CPU
		{CEB1912F-7D83-400F-95F5-58EF1BE1CA92}.Release|Any CPU.Build.0 = Release|Any CPU
	EndGlobalSection
	GlobalSection(SolutionProperties) = preSolution
		HideSolutionNode = FALSE
	EndGlobalSection
	GlobalSection(ExtensibilityGlobals) = postSolution
		SolutionGuid = {8BF2C412-4C9F-4B24-A540-8BD5D1BDF72C}
	EndGlobalSection
EndGlobal
