
Microsoft Visual Studio Solution File, Format Version 12.00
# Visual Studio Version 16
VisualStudioVersion = 16.0.31205.134
MinimumVisualStudioVersion = 10.0.40219.1
Project("{FAE04EC0-301F-11D3-BF4B-00C04F79EFBC}") = "M01A02A", "M01A02A\M01A02A.csproj", "{B975AE40-B201-4D83-A300-D1C0F33C7EFC}"
EndProject
Project("{FAE04EC0-301F-11D3-BF4B-00C04F79EFBC}") = "M01A02B", "M01A02B\M01A02B.csproj", "{451DEE0E-9605-4D42-B29D-25984C2333F5}"
EndProject
Project("{FAE04EC0-301F-11D3-BF4B-00C04F79EFBC}") = "M01A02C", "M01A02C\M01A02C.csproj", "{79E519A8-E855-4B87-8F09-D6161B36B713}"
EndProject
Project("{FAE04EC0-301F-11D3-BF4B-00C04F79EFBC}") = "M01A02D", "M01A02D\M01A02D.csproj", "{2FBFFF1B-03D7-49E4-899C-E821436BF2AF}"
EndProject
Project("{FAE04EC0-301F-11D3-BF4B-00C04F79EFBC}") = "M01A03", "M01A03\M01A03.csproj", "{A9DDA630-A3D1-4287-A1C8-5891E762F1C5}"
EndProject
Project("{FAE04EC0-301F-11D3-BF4B-00C04F79EFBC}") = "M01A04", "M01A04\M01A04.csproj", "{DC664D32-513F-4DEF-B876-3FC0E66C9E80}"
EndProject
Project("{FAE04EC0-301F-11D3-BF4B-00C04F79EFBC}") = "M01A05A", "M01A05\M01A05A.csproj", "{1AE75C41-C84E-4730-B9F7-75E9F770AE55}"
EndProject
Project("{FAE04EC0-301F-11D3-BF4B-00C04F79EFBC}") = "M01A05B", "M01A05B\M01A05B.csproj", "{4092C671-B4C0-47DB-B1DD-E612FED85B54}"
EndProject
Project("{FAE04EC0-301F-11D3-BF4B-00C04F79EFBC}") = "M01A06", "M01A06\M01A06.csproj", "{11424225-7D05-40D9-B85E-DB66DB152170}"
EndProject
Project("{FAE04EC0-301F-11D3-BF4B-00C04F79EFBC}") = "M01A07", "M01A07\M01A07.csproj", "{E4E243A5-9AF9-4686-B421-B7E74C92FC88}"
EndProject
Project("{FAE04EC0-301F-11D3-BF4B-00C04F79EFBC}") = "M01A08A", "M01A08\M01A08A.csproj", "{8A64CCA2-C007-431B-BAFD-0D54D0B5685D}"
EndProject
Project("{FAE04EC0-301F-11D3-BF4B-00C04F79EFBC}") = "M01A08B", "M01A08B\M01A08B.csproj", "{8F9940B0-B8BE-425F-8282-15B5F6BE27AD}"
EndProject
Project("{FAE04EC0-301F-11D3-BF4B-00C04F79EFBC}") = "M01A08C", "M01A08C\M01A08C.csproj", "{5F4081C6-31D6-4A61-ADF4-F6DBF1D5F208}"
EndProject
Project("{FAE04EC0-301F-11D3-BF4B-00C04F79EFBC}") = "M01A09", "M01A09\M01A09.csproj", "{5D43935D-4E2D-4CA7-B5E5-9A8A0CA29C79}"
EndProject
Project("{FAE04EC0-301F-11D3-BF4B-00C04F79EFBC}") = "M01A10", "M01A10\M01A10.csproj", "{7BB92CC6-1A8D-4FE1-9651-682C8EF54DBA}"
EndProject
Project("{FAE04EC0-301F-11D3-BF4B-00C04F79EFBC}") = "M01A11A", "M01A11\M01A11A.csproj", "{763BACFC-0442-4703-9E89-1454D93B1BAA}"
EndProject
Project("{FAE04EC0-301F-11D3-BF4B-00C04F79EFBC}") = "M01A12A", "M01A12\M01A12A.csproj", "{CB23B06C-5AA7-4116-A9B9-912F52C25B00}"
EndProject
Project("{FAE04EC0-301F-11D3-BF4B-00C04F79EFBC}") = "M01A12B", "M01A12B\M01A12B.csproj", "{13C885B8-DFB5-4FE1-B831-7E7AA2994BFA}"
EndProject
Project("{FAE04EC0-301F-11D3-BF4B-00C04F79EFBC}") = "M01A13A", "M01A13A\M01A13A.csproj", "{DCE5CC8F-4DB7-4C24-B0FA-476B01773854}"
EndProject
Global
	GlobalSection(SolutionConfigurationPlatforms) = preSolution
		Debug|Any CPU = Debug|Any CPU
		Release|Any CPU = Release|Any CPU
	EndGlobalSection
	GlobalSection(ProjectConfigurationPlatforms) = postSolution
		{B975AE40-B201-4D83-A300-D1C0F33C7EFC}.Debug|Any CPU.ActiveCfg = Debug|Any CPU
		{B975AE40-B201-4D83-A300-D1C0F33C7EFC}.Debug|Any CPU.Build.0 = Debug|Any CPU
		{B975AE40-B201-4D83-A300-D1C0F33C7EFC}.Release|Any CPU.ActiveCfg = Release|Any CPU
		{B975AE40-B201-4D83-A300-D1C0F33C7EFC}.Release|Any CPU.Build.0 = Release|Any CPU
		{451DEE0E-9605-4D42-B29D-25984C2333F5}.Debug|Any CPU.ActiveCfg = Debug|Any CPU
		{451DEE0E-9605-4D42-B29D-25984C2333F5}.Debug|Any CPU.Build.0 = Debug|Any CPU
		{451DEE0E-9605-4D42-B29D-25984C2333F5}.Release|Any CPU.ActiveCfg = Release|Any CPU
		{451DEE0E-9605-4D42-B29D-25984C2333F5}.Release|Any CPU.Build.0 = Release|Any CPU
		{79E519A8-E855-4B87-8F09-D6161B36B713}.Debug|Any CPU.ActiveCfg = Debug|Any CPU
		{79E519A8-E855-4B87-8F09-D6161B36B713}.Debug|Any CPU.Build.0 = Debug|Any CPU
		{79E519A8-E855-4B87-8F09-D6161B36B713}.Release|Any CPU.ActiveCfg = Release|Any CPU
		{79E519A8-E855-4B87-8F09-D6161B36B713}.Release|Any CPU.Build.0 = Release|Any CPU
		{2FBFFF1B-03D7-49E4-899C-E821436BF2AF}.Debug|Any CPU.ActiveCfg = Debug|Any CPU
		{2FBFFF1B-03D7-49E4-899C-E821436BF2AF}.Debug|Any CPU.Build.0 = Debug|Any CPU
		{2FBFFF1B-03D7-49E4-899C-E821436BF2AF}.Release|Any CPU.ActiveCfg = Release|Any CPU
		{2FBFFF1B-03D7-49E4-899C-E821436BF2AF}.Release|Any CPU.Build.0 = Release|Any CPU
		{A9DDA630-A3D1-4287-A1C8-5891E762F1C5}.Debug|Any CPU.ActiveCfg = Debug|Any CPU
		{A9DDA630-A3D1-4287-A1C8-5891E762F1C5}.Debug|Any CPU.Build.0 = Debug|Any CPU
		{A9DDA630-A3D1-4287-A1C8-5891E762F1C5}.Release|Any CPU.ActiveCfg = Release|Any CPU
		{A9DDA630-A3D1-4287-A1C8-5891E762F1C5}.Release|Any CPU.Build.0 = Release|Any CPU
		{DC664D32-513F-4DEF-B876-3FC0E66C9E80}.Debug|Any CPU.ActiveCfg = Debug|Any CPU
		{DC664D32-513F-4DEF-B876-3FC0E66C9E80}.Debug|Any CPU.Build.0 = Debug|Any CPU
		{DC664D32-513F-4DEF-B876-3FC0E66C9E80}.Release|Any CPU.ActiveCfg = Release|Any CPU
		{DC664D32-513F-4DEF-B876-3FC0E66C9E80}.Release|Any CPU.Build.0 = Release|Any CPU
		{1AE75C41-C84E-4730-B9F7-75E9F770AE55}.Debug|Any CPU.ActiveCfg = Debug|Any CPU
		{1AE75C41-C84E-4730-B9F7-75E9F770AE55}.Debug|Any CPU.Build.0 = Debug|Any CPU
		{1AE75C41-C84E-4730-B9F7-75E9F770AE55}.Release|Any CPU.ActiveCfg = Release|Any CPU
		{1AE75C41-C84E-4730-B9F7-75E9F770AE55}.Release|Any CPU.Build.0 = Release|Any CPU
		{4092C671-B4C0-47DB-B1DD-E612FED85B54}.Debug|Any CPU.ActiveCfg = Debug|Any CPU
		{4092C671-B4C0-47DB-B1DD-E612FED85B54}.Debug|Any CPU.Build.0 = Debug|Any CPU
		{4092C671-B4C0-47DB-B1DD-E612FED85B54}.Release|Any CPU.ActiveCfg = Release|Any CPU
		{4092C671-B4C0-47DB-B1DD-E612FED85B54}.Release|Any CPU.Build.0 = Release|Any CPU
		{11424225-7D05-40D9-B85E-DB66DB152170}.Debug|Any CPU.ActiveCfg = Debug|Any CPU
		{11424225-7D05-40D9-B85E-DB66DB152170}.Debug|Any CPU.Build.0 = Debug|Any CPU
		{11424225-7D05-40D9-B85E-DB66DB152170}.Release|Any CPU.ActiveCfg = Release|Any CPU
		{11424225-7D05-40D9-B85E-DB66DB152170}.Release|Any CPU.Build.0 = Release|Any CPU
		{E4E243A5-9AF9-4686-B421-B7E74C92FC88}.Debug|Any CPU.ActiveCfg = Debug|Any CPU
		{E4E243A5-9AF9-4686-B421-B7E74C92FC88}.Debug|Any CPU.Build.0 = Debug|Any CPU
		{E4E243A5-9AF9-4686-B421-B7E74C92FC88}.Release|Any CPU.ActiveCfg = Release|Any CPU
		{E4E243A5-9AF9-4686-B421-B7E74C92FC88}.Release|Any CPU.Build.0 = Release|Any CPU
		{8A64CCA2-C007-431B-BAFD-0D54D0B5685D}.Debug|Any CPU.ActiveCfg = Debug|Any CPU
		{8A64CCA2-C007-431B-BAFD-0D54D0B5685D}.Debug|Any CPU.Build.0 = Debug|Any CPU
		{8A64CCA2-C007-431B-BAFD-0D54D0B5685D}.Release|Any CPU.ActiveCfg = Release|Any CPU
		{8A64CCA2-C007-431B-BAFD-0D54D0B5685D}.Release|Any CPU.Build.0 = Release|Any CPU
		{8F9940B0-B8BE-425F-8282-15B5F6BE27AD}.Debug|Any CPU.ActiveCfg = Debug|Any CPU
		{8F9940B0-B8BE-425F-8282-15B5F6BE27AD}.Debug|Any CPU.Build.0 = Debug|Any CPU
		{8F9940B0-B8BE-425F-8282-15B5F6BE27AD}.Release|Any CPU.ActiveCfg = Release|Any CPU
		{8F9940B0-B8BE-425F-8282-15B5F6BE27AD}.Release|Any CPU.Build.0 = Release|Any CPU
		{5F4081C6-31D6-4A61-ADF4-F6DBF1D5F208}.Debug|Any CPU.ActiveCfg = Debug|Any CPU
		{5F4081C6-31D6-4A61-ADF4-F6DBF1D5F208}.Debug|Any CPU.Build.0 = Debug|Any CPU
		{5F4081C6-31D6-4A61-ADF4-F6DBF1D5F208}.Release|Any CPU.ActiveCfg = Release|Any CPU
		{5F4081C6-31D6-4A61-ADF4-F6DBF1D5F208}.Release|Any CPU.Build.0 = Release|Any CPU
		{5D43935D-4E2D-4CA7-B5E5-9A8A0CA29C79}.Debug|Any CPU.ActiveCfg = Debug|Any CPU
		{5D43935D-4E2D-4CA7-B5E5-9A8A0CA29C79}.Debug|Any CPU.Build.0 = Debug|Any CPU
		{5D43935D-4E2D-4CA7-B5E5-9A8A0CA29C79}.Release|Any CPU.ActiveCfg = Release|Any CPU
		{5D43935D-4E2D-4CA7-B5E5-9A8A0CA29C79}.Release|Any CPU.Build.0 = Release|Any CPU
		{7BB92CC6-1A8D-4FE1-9651-682C8EF54DBA}.Debug|Any CPU.ActiveCfg = Debug|Any CPU
		{7BB92CC6-1A8D-4FE1-9651-682C8EF54DBA}.Debug|Any CPU.Build.0 = Debug|Any CPU
		{7BB92CC6-1A8D-4FE1-9651-682C8EF54DBA}.Release|Any CPU.ActiveCfg = Release|Any CPU
		{7BB92CC6-1A8D-4FE1-9651-682C8EF54DBA}.Release|Any CPU.Build.0 = Release|Any CPU
		{763BACFC-0442-4703-9E89-1454D93B1BAA}.Debug|Any CPU.ActiveCfg = Debug|Any CPU
		{763BACFC-0442-4703-9E89-1454D93B1BAA}.Debug|Any CPU.Build.0 = Debug|Any CPU
		{763BACFC-0442-4703-9E89-1454D93B1BAA}.Release|Any CPU.ActiveCfg = Release|Any CPU
		{763BACFC-0442-4703-9E89-1454D93B1BAA}.Release|Any CPU.Build.0 = Release|Any CPU
		{CB23B06C-5AA7-4116-A9B9-912F52C25B00}.Debug|Any CPU.ActiveCfg = Debug|Any CPU
		{CB23B06C-5AA7-4116-A9B9-912F52C25B00}.Debug|Any CPU.Build.0 = Debug|Any CPU
		{CB23B06C-5AA7-4116-A9B9-912F52C25B00}.Release|Any CPU.ActiveCfg = Release|Any CPU
		{CB23B06C-5AA7-4116-A9B9-912F52C25B00}.Release|Any CPU.Build.0 = Release|Any CPU
		{13C885B8-DFB5-4FE1-B831-7E7AA2994BFA}.Debug|Any CPU.ActiveCfg = Debug|Any CPU
		{13C885B8-DFB5-4FE1-B831-7E7AA2994BFA}.Debug|Any CPU.Build.0 = Debug|Any CPU
		{13C885B8-DFB5-4FE1-B831-7E7AA2994BFA}.Release|Any CPU.ActiveCfg = Release|Any CPU
		{13C885B8-DFB5-4FE1-B831-7E7AA2994BFA}.Release|Any CPU.Build.0 = Release|Any CPU
		{DCE5CC8F-4DB7-4C24-B0FA-476B01773854}.Debug|Any CPU.ActiveCfg = Debug|Any CPU
		{DCE5CC8F-4DB7-4C24-B0FA-476B01773854}.Debug|Any CPU.Build.0 = Debug|Any CPU
		{DCE5CC8F-4DB7-4C24-B0FA-476B01773854}.Release|Any CPU.ActiveCfg = Release|Any CPU
		{DCE5CC8F-4DB7-4C24-B0FA-476B01773854}.Release|Any CPU.Build.0 = Release|Any CPU
	EndGlobalSection
	GlobalSection(SolutionProperties) = preSolution
		HideSolutionNode = FALSE
	EndGlobalSection
	GlobalSection(ExtensibilityGlobals) = postSolution
		SolutionGuid = {BFDA12B7-69EB-4DAD-8892-4A5035329C38}
	EndGlobalSection
EndGlobal
